
Microsoft Visual Studio Solution File, Format Version 12.00
# Visual Studio 15
VisualStudioVersion = 15.0.28010.2026
MinimumVisualStudioVersion = 10.0.40219.1
Project("{FAE04EC0-301F-11D3-BF4B-00C04F79EFBC}") = "Mailling List Project", "Mailling List Project\Mailling List Project.csproj", "{F76F1281-0262-4DA4-A4EE-A2B54115399F}"
EndProject
Project("{FAE04EC0-301F-11D3-BF4B-00C04F79EFBC}") = "MailingList.UnitTests", "MailingList.UnitTests\MailingList.UnitTests.csproj", "{CD4E6FB0-580D-4D12-A217-A1811AE24512}"
EndProject
Global
	GlobalSection(SolutionConfigurationPlatforms) = preSolution
		Debug|Any CPU = Debug|Any CPU
		Release|Any CPU = Release|Any CPU
	EndGlobalSection
	GlobalSection(ProjectConfigurationPlatforms) = postSolution
		{F76F1281-0262-4DA4-A4EE-A2B54115399F}.Debug|Any CPU.ActiveCfg = Debug|Any CPU
		{F76F1281-0262-4DA4-A4EE-A2B54115399F}.Debug|Any CPU.Build.0 = Debug|Any CPU
		{F76F1281-0262-4DA4-A4EE-A2B54115399F}.Release|Any CPU.ActiveCfg = Release|Any CPU
		{F76F1281-0262-4DA4-A4EE-A2B54115399F}.Release|Any CPU.Build.0 = Release|Any CPU
		{CD4E6FB0-580D-4D12-A217-A1811AE24512}.Debug|Any CPU.ActiveCfg = Debug|Any CPU
		{CD4E6FB0-580D-4D12-A217-A1811AE24512}.Debug|Any CPU.Build.0 = Debug|Any CPU
		{CD4E6FB0-580D-4D12-A217-A1811AE24512}.Release|Any CPU.ActiveCfg = Release|Any CPU
		{CD4E6FB0-580D-4D12-A217-A1811AE24512}.Release|Any CPU.Build.0 = Release|Any CPU
	EndGlobalSection
	GlobalSection(SolutionProperties) = preSolution
		HideSolutionNode = FALSE
	EndGlobalSection
	GlobalSection(ExtensibilityGlobals) = postSolution
		SolutionGuid = {A99A2A60-AB4C-45F2-B966-55526BF2FDE6}
	EndGlobalSection
EndGlobal
